
Microsoft Visual Studio Solution File, Format Version 10.00
# Visual Studio 2008
Project("{FAE04EC0-301F-11D3-BF4B-00C04F79EFBC}") = "NHibernate.ReLinq", "NHibernate.ReLinq\NHibernate.ReLinq.csproj", "{4D55C53C-6C3C-4E18-ACAC-7E5DF558A1BA}"
EndProject
Project("{FAE04EC0-301F-11D3-BF4B-00C04F79EFBC}") = "NHibernate.ReLinq.Test", "NHibernate.ReLinq.Test\NHibernate.ReLinq.Test.csproj", "{E4CDEA16-2D70-4C03-9C39-C1B8F0C2A43C}"
EndProject
Global
	GlobalSection(SolutionConfigurationPlatforms) = preSolution
		Debug|Any CPU = Debug|Any CPU
		Release|Any CPU = Release|Any CPU
	EndGlobalSection
	GlobalSection(ProjectConfigurationPlatforms) = postSolution
		{4D55C53C-6C3C-4E18-ACAC-7E5DF558A1BA}.Debug|Any CPU.ActiveCfg = Debug|Any CPU
		{4D55C53C-6C3C-4E18-ACAC-7E5DF558A1BA}.Debug|Any CPU.Build.0 = Debug|Any CPU
		{4D55C53C-6C3C-4E18-ACAC-7E5DF558A1BA}.Release|Any CPU.ActiveCfg = Release|Any CPU
		{4D55C53C-6C3C-4E18-ACAC-7E5DF558A1BA}.Release|Any CPU.Build.0 = Release|Any CPU
		{E4CDEA16-2D70-4C03-9C39-C1B8F0C2A43C}.Debug|Any CPU.ActiveCfg = Debug|Any CPU
		{E4CDEA16-2D70-4C03-9C39-C1B8F0C2A43C}.Debug|Any CPU.Build.0 = Debug|Any CPU
		{E4CDEA16-2D70-4C03-9C39-C1B8F0C2A43C}.Release|Any CPU.ActiveCfg = Release|Any CPU
		{E4CDEA16-2D70-4C03-9C39-C1B8F0C2A43C}.Release|Any CPU.Build.0 = Release|Any CPU
	EndGlobalSection
	GlobalSection(SolutionProperties) = preSolution
		HideSolutionNode = FALSE
	EndGlobalSection
EndGlobal
